// !$*UTF8*$!
{
	archiveVersion = 1;
	classes = {
	};
	objectVersion = 48;
	objects = {

/* Begin PBXBuildFile section */
		3140170EAB02B91C543C63A7 /* Pods_SecurityAsset.framework in Frameworks */ = {isa = PBXBuildFile; fileRef = 741AF847EF7676D16C4059E9 /* Pods_SecurityAsset.framework */; };
		C82F0F621F8B625C006CD74F /* Localizable.strings in Resources */ = {isa = PBXBuildFile; fileRef = C82F0F611F8B625C006CD74F /* Localizable.strings */; };
		C8306A4F1F867C2B0060129E /* Group.swift in Sources */ = {isa = PBXBuildFile; fileRef = C8306A4E1F867C2B0060129E /* Group.swift */; };
		C833ACC61F8F8D9E00B19D24 /* UserInformationViewController.swift in Sources */ = {isa = PBXBuildFile; fileRef = C833ACC51F8F8D9E00B19D24 /* UserInformationViewController.swift */; };
		C834C2F01F927FF9004FD810 /* CreateUserFormExtension.swift in Sources */ = {isa = PBXBuildFile; fileRef = C834C2EF1F927FF9004FD810 /* CreateUserFormExtension.swift */; };
		C834C2F41F928D1E004FD810 /* LogInViewControllerExtension.swift in Sources */ = {isa = PBXBuildFile; fileRef = C834C2F31F928D1E004FD810 /* LogInViewControllerExtension.swift */; };
		C83527D01F87696400D82F0C /* ForgotPasswordViewController.swift in Sources */ = {isa = PBXBuildFile; fileRef = C83527CF1F87696400D82F0C /* ForgotPasswordViewController.swift */; };
		C85A1E301F8CE6AA00D7C8D5 /* StateUser.swift in Sources */ = {isa = PBXBuildFile; fileRef = C8B400D01F8528CC00F9DF92 /* StateUser.swift */; };
		C85D4D3C1F937CE60075890D /* UserInformationViewControllerExtension.swift in Sources */ = {isa = PBXBuildFile; fileRef = C85D4D3B1F937CE60075890D /* UserInformationViewControllerExtension.swift */; };
		C85D7E361F83A01B001AA88A /* GoogleService-Info.plist in Resources */ = {isa = PBXBuildFile; fileRef = C85D7E331F839DAF001AA88A /* GoogleService-Info.plist */; };
		C85D7E391F83C0AE001AA88A /* FireBaseManager.swift in Sources */ = {isa = PBXBuildFile; fileRef = C85D7E381F83C0AE001AA88A /* FireBaseManager.swift */; };
		C860853D1F8284E400A2460C /* AppDelegate.swift in Sources */ = {isa = PBXBuildFile; fileRef = C860853C1F8284E400A2460C /* AppDelegate.swift */; };
		C86085421F8284E400A2460C /* Main.storyboard in Resources */ = {isa = PBXBuildFile; fileRef = C86085401F8284E400A2460C /* Main.storyboard */; };
		C86085441F8284E400A2460C /* Assets.xcassets in Resources */ = {isa = PBXBuildFile; fileRef = C86085431F8284E400A2460C /* Assets.xcassets */; };
		C86085471F8284E400A2460C /* LaunchScreen.storyboard in Resources */ = {isa = PBXBuildFile; fileRef = C86085451F8284E400A2460C /* LaunchScreen.storyboard */; };
		C861094D1F8F9D3B009107C3 /* UserInformationTableViewCell.swift in Sources */ = {isa = PBXBuildFile; fileRef = C861094C1F8F9D3B009107C3 /* UserInformationTableViewCell.swift */; };
		C887508C1F89558B007FFDAF /* CreateUserFormTableViewController.swift in Sources */ = {isa = PBXBuildFile; fileRef = C887508B1F89558B007FFDAF /* CreateUserFormTableViewController.swift */; };
		C887508E1F899287007FFDAF /* DatePickerViewController.swift in Sources */ = {isa = PBXBuildFile; fileRef = C887508D1F899287007FFDAF /* DatePickerViewController.swift */; };
		C8B400CC1F8528BD00F9DF92 /* LogInViewController.swift in Sources */ = {isa = PBXBuildFile; fileRef = C8B400CB1F8528BD00F9DF92 /* LogInViewController.swift */; };
		C8B400D21F8528CC00F9DF92 /* AppUser.swift in Sources */ = {isa = PBXBuildFile; fileRef = C8B400CD1F8528CB00F9DF92 /* AppUser.swift */; };
		C8B400D31F8528CC00F9DF92 /* Location.swift in Sources */ = {isa = PBXBuildFile; fileRef = C8B400CE1F8528CB00F9DF92 /* Location.swift */; };
		C8B400D41F8528CC00F9DF92 /* PhonePosition.swift in Sources */ = {isa = PBXBuildFile; fileRef = C8B400CF1F8528CC00F9DF92 /* PhonePosition.swift */; };
		C8B400D61F8528CC00F9DF92 /* Adresse.swift in Sources */ = {isa = PBXBuildFile; fileRef = C8B400D11F8528CC00F9DF92 /* Adresse.swift */; };
		C8D367751F90BDC30056A445 /* MyUITabBarController.swift in Sources */ = {isa = PBXBuildFile; fileRef = C8D367741F90BDC30056A445 /* MyUITabBarController.swift */; };
/* End PBXBuildFile section */

/* Begin PBXFileReference section */
		33E231E9300909496B472B30 /* Pods-SecurityAsset.release.xcconfig */ = {isa = PBXFileReference; includeInIndex = 1; lastKnownFileType = text.xcconfig; name = "Pods-SecurityAsset.release.xcconfig"; path = "Pods/Target Support Files/Pods-SecurityAsset/Pods-SecurityAsset.release.xcconfig"; sourceTree = "<group>"; };
		741AF847EF7676D16C4059E9 /* Pods_SecurityAsset.framework */ = {isa = PBXFileReference; explicitFileType = wrapper.framework; includeInIndex = 0; path = Pods_SecurityAsset.framework; sourceTree = BUILT_PRODUCTS_DIR; };
		C82F0F611F8B625C006CD74F /* Localizable.strings */ = {isa = PBXFileReference; lastKnownFileType = text.plist.strings; path = Localizable.strings; sourceTree = "<group>"; };
		C8306A4E1F867C2B0060129E /* Group.swift */ = {isa = PBXFileReference; lastKnownFileType = sourcecode.swift; path = Group.swift; sourceTree = "<group>"; };
		C833ACC51F8F8D9E00B19D24 /* UserInformationViewController.swift */ = {isa = PBXFileReference; lastKnownFileType = sourcecode.swift; path = UserInformationViewController.swift; sourceTree = "<group>"; };
		C834C2EF1F927FF9004FD810 /* CreateUserFormExtension.swift */ = {isa = PBXFileReference; lastKnownFileType = sourcecode.swift; path = CreateUserFormExtension.swift; sourceTree = "<group>"; };
		C834C2F31F928D1E004FD810 /* LogInViewControllerExtension.swift */ = {isa = PBXFileReference; lastKnownFileType = sourcecode.swift; path = LogInViewControllerExtension.swift; sourceTree = "<group>"; };
		C83527CF1F87696400D82F0C /* ForgotPasswordViewController.swift */ = {isa = PBXFileReference; lastKnownFileType = sourcecode.swift; path = ForgotPasswordViewController.swift; sourceTree = "<group>"; };
		C85D4D3B1F937CE60075890D /* UserInformationViewControllerExtension.swift */ = {isa = PBXFileReference; lastKnownFileType = sourcecode.swift; path = UserInformationViewControllerExtension.swift; sourceTree = "<group>"; };
		C85D7E331F839DAF001AA88A /* GoogleService-Info.plist */ = {isa = PBXFileReference; lastKnownFileType = text.plist.xml; path = "GoogleService-Info.plist"; sourceTree = "<group>"; };
		C85D7E381F83C0AE001AA88A /* FireBaseManager.swift */ = {isa = PBXFileReference; lastKnownFileType = sourcecode.swift; path = FireBaseManager.swift; sourceTree = "<group>"; };
		C86085391F8284E300A2460C /* SecurityAsset.app */ = {isa = PBXFileReference; explicitFileType = wrapper.application; includeInIndex = 0; path = SecurityAsset.app; sourceTree = BUILT_PRODUCTS_DIR; };
		C860853C1F8284E400A2460C /* AppDelegate.swift */ = {isa = PBXFileReference; lastKnownFileType = sourcecode.swift; path = AppDelegate.swift; sourceTree = "<group>"; };
		C86085411F8284E400A2460C /* Base */ = {isa = PBXFileReference; lastKnownFileType = file.storyboard; name = Base; path = Base.lproj/Main.storyboard; sourceTree = "<group>"; };
		C86085431F8284E400A2460C /* Assets.xcassets */ = {isa = PBXFileReference; lastKnownFileType = folder.assetcatalog; path = Assets.xcassets; sourceTree = "<group>"; };
		C86085461F8284E400A2460C /* Base */ = {isa = PBXFileReference; lastKnownFileType = file.storyboard; name = Base; path = Base.lproj/LaunchScreen.storyboard; sourceTree = "<group>"; };
		C86085481F8284E400A2460C /* Info.plist */ = {isa = PBXFileReference; lastKnownFileType = text.plist.xml; path = Info.plist; sourceTree = "<group>"; };
		C861094C1F8F9D3B009107C3 /* UserInformationTableViewCell.swift */ = {isa = PBXFileReference; lastKnownFileType = sourcecode.swift; path = UserInformationTableViewCell.swift; sourceTree = "<group>"; };
		C887508B1F89558B007FFDAF /* CreateUserFormTableViewController.swift */ = {isa = PBXFileReference; lastKnownFileType = sourcecode.swift; path = CreateUserFormTableViewController.swift; sourceTree = "<group>"; };
		C887508D1F899287007FFDAF /* DatePickerViewController.swift */ = {isa = PBXFileReference; lastKnownFileType = sourcecode.swift; path = DatePickerViewController.swift; sourceTree = "<group>"; };
		C8B400CB1F8528BD00F9DF92 /* LogInViewController.swift */ = {isa = PBXFileReference; lastKnownFileType = sourcecode.swift; path = LogInViewController.swift; sourceTree = "<group>"; };
		C8B400CD1F8528CB00F9DF92 /* AppUser.swift */ = {isa = PBXFileReference; lastKnownFileType = sourcecode.swift; path = AppUser.swift; sourceTree = "<group>"; };
		C8B400CE1F8528CB00F9DF92 /* Location.swift */ = {isa = PBXFileReference; lastKnownFileType = sourcecode.swift; path = Location.swift; sourceTree = "<group>"; };
		C8B400CF1F8528CC00F9DF92 /* PhonePosition.swift */ = {isa = PBXFileReference; lastKnownFileType = sourcecode.swift; path = PhonePosition.swift; sourceTree = "<group>"; };
		C8B400D01F8528CC00F9DF92 /* StateUser.swift */ = {isa = PBXFileReference; lastKnownFileType = sourcecode.swift; path = StateUser.swift; sourceTree = "<group>"; };
		C8B400D11F8528CC00F9DF92 /* Adresse.swift */ = {isa = PBXFileReference; lastKnownFileType = sourcecode.swift; path = Adresse.swift; sourceTree = "<group>"; };
		C8D367741F90BDC30056A445 /* MyUITabBarController.swift */ = {isa = PBXFileReference; lastKnownFileType = sourcecode.swift; path = MyUITabBarController.swift; sourceTree = "<group>"; };
		E0EFEB562CD03FD513E8BDCB /* Pods-SecurityAsset.debug.xcconfig */ = {isa = PBXFileReference; includeInIndex = 1; lastKnownFileType = text.xcconfig; name = "Pods-SecurityAsset.debug.xcconfig"; path = "Pods/Target Support Files/Pods-SecurityAsset/Pods-SecurityAsset.debug.xcconfig"; sourceTree = "<group>"; };
/* End PBXFileReference section */

/* Begin PBXFrameworksBuildPhase section */
		C86085361F8284E300A2460C /* Frameworks */ = {
			isa = PBXFrameworksBuildPhase;
			buildActionMask = 2147483647;
			files = (
				3140170EAB02B91C543C63A7 /* Pods_SecurityAsset.framework in Frameworks */,
			);
			runOnlyForDeploymentPostprocessing = 0;
		};
/* End PBXFrameworksBuildPhase section */

/* Begin PBXGroup section */
		6E86E0BC13E85DB192171690 /* Frameworks */ = {
			isa = PBXGroup;
			children = (
				741AF847EF7676D16C4059E9 /* Pods_SecurityAsset.framework */,
			);
			name = Frameworks;
			sourceTree = "<group>";
		};
		9460E95CB2B19205B1C9F57C /* Pods */ = {
			isa = PBXGroup;
			children = (
				E0EFEB562CD03FD513E8BDCB /* Pods-SecurityAsset.debug.xcconfig */,
				33E231E9300909496B472B30 /* Pods-SecurityAsset.release.xcconfig */,
			);
			name = Pods;
			sourceTree = "<group>";
		};
		C86085301F8284E300A2460C = {
			isa = PBXGroup;
			children = (
				C860853B1F8284E300A2460C /* SecurityAsset */,
				C860853A1F8284E300A2460C /* Products */,
				9460E95CB2B19205B1C9F57C /* Pods */,
				6E86E0BC13E85DB192171690 /* Frameworks */,
			);
			sourceTree = "<group>";
		};
		C860853A1F8284E300A2460C /* Products */ = {
			isa = PBXGroup;
			children = (
				C86085391F8284E300A2460C /* SecurityAsset.app */,
			);
			name = Products;
			sourceTree = "<group>";
		};
		C860853B1F8284E300A2460C /* SecurityAsset */ = {
			isa = PBXGroup;
			children = (
				C860853C1F8284E400A2460C /* AppDelegate.swift */,
				C85D7E381F83C0AE001AA88A /* FireBaseManager.swift */,
				C8B400DA1F852ED200F9DF92 /* ViewControllers */,
				C8B400D71F8528D300F9DF92 /* Models */,
				C86085401F8284E400A2460C /* Main.storyboard */,
				C82F0F611F8B625C006CD74F /* Localizable.strings */,
				C86085431F8284E400A2460C /* Assets.xcassets */,
				C86085451F8284E400A2460C /* LaunchScreen.storyboard */,
				C85D7E331F839DAF001AA88A /* GoogleService-Info.plist */,
				C86085481F8284E400A2460C /* Info.plist */,
			);
			path = SecurityAsset;
			sourceTree = "<group>";
		};
		C8B400D71F8528D300F9DF92 /* Models */ = {
			isa = PBXGroup;
			children = (
				C8B400D11F8528CC00F9DF92 /* Adresse.swift */,
				C8306A4E1F867C2B0060129E /* Group.swift */,
				C8B400CD1F8528CB00F9DF92 /* AppUser.swift */,
				C8B400CE1F8528CB00F9DF92 /* Location.swift */,
				C8B400CF1F8528CC00F9DF92 /* PhonePosition.swift */,
				C8B400D01F8528CC00F9DF92 /* StateUser.swift */,
			);
			path = Models;
			sourceTree = "<group>";
		};
		C8B400DA1F852ED200F9DF92 /* ViewControllers */ = {
			isa = PBXGroup;
			children = (
				C8B400CB1F8528BD00F9DF92 /* LogInViewController.swift */,
				C834C2F31F928D1E004FD810 /* LogInViewControllerExtension.swift */,
				C83527CF1F87696400D82F0C /* ForgotPasswordViewController.swift */,
				C887508B1F89558B007FFDAF /* CreateUserFormTableViewController.swift */,
				C834C2EF1F927FF9004FD810 /* CreateUserFormExtension.swift */,
				C887508D1F899287007FFDAF /* DatePickerViewController.swift */,
				C833ACC51F8F8D9E00B19D24 /* UserInformationViewController.swift */,
				C85D4D3B1F937CE60075890D /* UserInformationViewControllerExtension.swift */,
				C861094C1F8F9D3B009107C3 /* UserInformationTableViewCell.swift */,
				C8D367741F90BDC30056A445 /* MyUITabBarController.swift */,
			);
			path = ViewControllers;
			sourceTree = "<group>";
		};
/* End PBXGroup section */

/* Begin PBXNativeTarget section */
		C86085381F8284E300A2460C /* SecurityAsset */ = {
			isa = PBXNativeTarget;
			buildConfigurationList = C860854B1F8284E400A2460C /* Build configuration list for PBXNativeTarget "SecurityAsset" */;
			buildPhases = (
				F63BFFA1DB80C1AD1F90064B /* [CP] Check Pods Manifest.lock */,
				C86085351F8284E300A2460C /* Sources */,
				C86085361F8284E300A2460C /* Frameworks */,
				C86085371F8284E300A2460C /* Resources */,
				315CE4CA4A7CF8D955B9CA9E /* [CP] Embed Pods Frameworks */,
				2606BDC72030760DA2B77F18 /* [CP] Copy Pods Resources */,
			);
			buildRules = (
			);
			dependencies = (
			);
			name = SecurityAsset;
			productName = SecurityAsset;
			productReference = C86085391F8284E300A2460C /* SecurityAsset.app */;
			productType = "com.apple.product-type.application";
		};
/* End PBXNativeTarget section */

/* Begin PBXProject section */
		C86085311F8284E300A2460C /* Project object */ = {
			isa = PBXProject;
			attributes = {
				LastSwiftUpdateCheck = 0900;
				LastUpgradeCheck = 0900;
				ORGANIZATIONNAME = "michael moldawski";
				TargetAttributes = {
					C86085381F8284E300A2460C = {
						CreatedOnToolsVersion = 9.0;
						ProvisioningStyle = Automatic;
						SystemCapabilities = {
							com.apple.Keychain = {
								enabled = 0;
							};
						};
					};
				};
			};
			buildConfigurationList = C86085341F8284E300A2460C /* Build configuration list for PBXProject "SecurityAsset" */;
			compatibilityVersion = "Xcode 8.0";
			developmentRegion = en;
			hasScannedForEncodings = 0;
			knownRegions = (
				en,
				Base,
			);
			mainGroup = C86085301F8284E300A2460C;
			productRefGroup = C860853A1F8284E300A2460C /* Products */;
			projectDirPath = "";
			projectRoot = "";
			targets = (
				C86085381F8284E300A2460C /* SecurityAsset */,
			);
		};
/* End PBXProject section */

/* Begin PBXResourcesBuildPhase section */
		C86085371F8284E300A2460C /* Resources */ = {
			isa = PBXResourcesBuildPhase;
			buildActionMask = 2147483647;
			files = (
				C82F0F621F8B625C006CD74F /* Localizable.strings in Resources */,
				C86085471F8284E400A2460C /* LaunchScreen.storyboard in Resources */,
				C85D7E361F83A01B001AA88A /* GoogleService-Info.plist in Resources */,
				C86085441F8284E400A2460C /* Assets.xcassets in Resources */,
				C86085421F8284E400A2460C /* Main.storyboard in Resources */,
			);
			runOnlyForDeploymentPostprocessing = 0;
		};
/* End PBXResourcesBuildPhase section */

/* Begin PBXShellScriptBuildPhase section */
		2606BDC72030760DA2B77F18 /* [CP] Copy Pods Resources */ = {
			isa = PBXShellScriptBuildPhase;
			buildActionMask = 2147483647;
			files = (
			);
			inputPaths = (
			);
			name = "[CP] Copy Pods Resources";
			outputPaths = (
			);
			runOnlyForDeploymentPostprocessing = 0;
			shellPath = /bin/sh;
			shellScript = "\"${SRCROOT}/Pods/Target Support Files/Pods-SecurityAsset/Pods-SecurityAsset-resources.sh\"\n";
			showEnvVarsInLog = 0;
		};
		315CE4CA4A7CF8D955B9CA9E /* [CP] Embed Pods Frameworks */ = {
			isa = PBXShellScriptBuildPhase;
			buildActionMask = 2147483647;
			files = (
			);
			inputPaths = (
				"${SRCROOT}/Pods/Target Support Files/Pods-SecurityAsset/Pods-SecurityAsset-frameworks.sh",
				"${BUILT_PRODUCTS_DIR}/GTMSessionFetcher/GTMSessionFetcher.framework",
				"${BUILT_PRODUCTS_DIR}/GoogleToolboxForMac/GoogleToolboxForMac.framework",
				"${BUILT_PRODUCTS_DIR}/leveldb-library/leveldb.framework",
				"${BUILT_PRODUCTS_DIR}/nanopb/nanopb.framework",
			);
			name = "[CP] Embed Pods Frameworks";
			outputPaths = (
				"${TARGET_BUILD_DIR}/${FRAMEWORKS_FOLDER_PATH}/GTMSessionFetcher.framework",
				"${TARGET_BUILD_DIR}/${FRAMEWORKS_FOLDER_PATH}/GoogleToolboxForMac.framework",
				"${TARGET_BUILD_DIR}/${FRAMEWORKS_FOLDER_PATH}/leveldb.framework",
				"${TARGET_BUILD_DIR}/${FRAMEWORKS_FOLDER_PATH}/nanopb.framework",
			);
			runOnlyForDeploymentPostprocessing = 0;
			shellPath = /bin/sh;
			shellScript = "\"${SRCROOT}/Pods/Target Support Files/Pods-SecurityAsset/Pods-SecurityAsset-frameworks.sh\"\n";
			showEnvVarsInLog = 0;
		};
		F63BFFA1DB80C1AD1F90064B /* [CP] Check Pods Manifest.lock */ = {
			isa = PBXShellScriptBuildPhase;
			buildActionMask = 2147483647;
			files = (
			);
			inputPaths = (
				"${PODS_PODFILE_DIR_PATH}/Podfile.lock",
				"${PODS_ROOT}/Manifest.lock",
			);
			name = "[CP] Check Pods Manifest.lock";
			outputPaths = (
				"$(DERIVED_FILE_DIR)/Pods-SecurityAsset-checkManifestLockResult.txt",
			);
			runOnlyForDeploymentPostprocessing = 0;
			shellPath = /bin/sh;
			shellScript = "diff \"${PODS_PODFILE_DIR_PATH}/Podfile.lock\" \"${PODS_ROOT}/Manifest.lock\" > /dev/null\nif [ $? != 0 ] ; then\n    # print error to STDERR\n    echo \"error: The sandbox is not in sync with the Podfile.lock. Run 'pod install' or update your CocoaPods installation.\" >&2\n    exit 1\nfi\n# This output is used by Xcode 'outputs' to avoid re-running this script phase.\necho \"SUCCESS\" > \"${SCRIPT_OUTPUT_FILE_0}\"\n";
			showEnvVarsInLog = 0;
		};
/* End PBXShellScriptBuildPhase section */

/* Begin PBXSourcesBuildPhase section */
		C86085351F8284E300A2460C /* Sources */ = {
			isa = PBXSourcesBuildPhase;
			buildActionMask = 2147483647;
			files = (
				C83527D01F87696400D82F0C /* ForgotPasswordViewController.swift in Sources */,
				C860853D1F8284E400A2460C /* AppDelegate.swift in Sources */,
				C8306A4F1F867C2B0060129E /* Group.swift in Sources */,
				C8B400D31F8528CC00F9DF92 /* Location.swift in Sources */,
				C85D7E391F83C0AE001AA88A /* FireBaseManager.swift in Sources */,
				C8B400CC1F8528BD00F9DF92 /* LogInViewController.swift in Sources */,
				C85D4D3C1F937CE60075890D /* UserInformationViewControllerExtension.swift in Sources */,
				C8B400D21F8528CC00F9DF92 /* AppUser.swift in Sources */,
				C8D367751F90BDC30056A445 /* MyUITabBarController.swift in Sources */,
				C834C2F41F928D1E004FD810 /* LogInViewControllerExtension.swift in Sources */,
				C833ACC61F8F8D9E00B19D24 /* UserInformationViewController.swift in Sources */,
				C887508E1F899287007FFDAF /* DatePickerViewController.swift in Sources */,
				C8B400D41F8528CC00F9DF92 /* PhonePosition.swift in Sources */,
				C887508C1F89558B007FFDAF /* CreateUserFormTableViewController.swift in Sources */,
				C834C2F01F927FF9004FD810 /* CreateUserFormExtension.swift in Sources */,
				C861094D1F8F9D3B009107C3 /* UserInformationTableViewCell.swift in Sources */,
				C8B400D61F8528CC00F9DF92 /* Adresse.swift in Sources */,
				C85A1E301F8CE6AA00D7C8D5 /* StateUser.swift in Sources */,
			);
			runOnlyForDeploymentPostprocessing = 0;
		};
/* End PBXSourcesBuildPhase section */

/* Begin PBXVariantGroup section */
		C86085401F8284E400A2460C /* Main.storyboard */ = {
			isa = PBXVariantGroup;
			children = (
				C86085411F8284E400A2460C /* Base */,
			);
			name = Main.storyboard;
			sourceTree = "<group>";
		};
		C86085451F8284E400A2460C /* LaunchScreen.storyboard */ = {
			isa = PBXVariantGroup;
			children = (
				C86085461F8284E400A2460C /* Base */,
			);
			name = LaunchScreen.storyboard;
			sourceTree = "<group>";
		};
/* End PBXVariantGroup section */

/* Begin XCBuildConfiguration section */
		C86085491F8284E400A2460C /* Debug */ = {
			isa = XCBuildConfiguration;
			buildSettings = {
				ALWAYS_SEARCH_USER_PATHS = NO;
				CLANG_ANALYZER_NONNULL = YES;
				CLANG_ANALYZER_NUMBER_OBJECT_CONVERSION = YES_AGGRESSIVE;
				CLANG_CXX_LANGUAGE_STANDARD = "gnu++14";
				CLANG_CXX_LIBRARY = "libc++";
				CLANG_ENABLE_MODULES = YES;
				CLANG_ENABLE_OBJC_ARC = YES;
				CLANG_WARN_BLOCK_CAPTURE_AUTORELEASING = YES;
				CLANG_WARN_BOOL_CONVERSION = YES;
				CLANG_WARN_COMMA = YES;
				CLANG_WARN_CONSTANT_CONVERSION = YES;
				CLANG_WARN_DIRECT_OBJC_ISA_USAGE = YES_ERROR;
				CLANG_WARN_DOCUMENTATION_COMMENTS = YES;
				CLANG_WARN_EMPTY_BODY = YES;
				CLANG_WARN_ENUM_CONVERSION = YES;
				CLANG_WARN_INFINITE_RECURSION = YES;
				CLANG_WARN_INT_CONVERSION = YES;
				CLANG_WARN_NON_LITERAL_NULL_CONVERSION = YES;
				CLANG_WARN_OBJC_LITERAL_CONVERSION = YES;
				CLANG_WARN_OBJC_ROOT_CLASS = YES_ERROR;
				CLANG_WARN_RANGE_LOOP_ANALYSIS = YES;
				CLANG_WARN_STRICT_PROTOTYPES = YES;
				CLANG_WARN_SUSPICIOUS_MOVE = YES;
				CLANG_WARN_UNGUARDED_AVAILABILITY = YES_AGGRESSIVE;
				CLANG_WARN_UNREACHABLE_CODE = YES;
				CLANG_WARN__DUPLICATE_METHOD_MATCH = YES;
				CODE_SIGN_IDENTITY = "iPhone Developer";
				COPY_PHASE_STRIP = NO;
				DEBUG_INFORMATION_FORMAT = dwarf;
				ENABLE_STRICT_OBJC_MSGSEND = YES;
				ENABLE_TESTABILITY = YES;
				GCC_C_LANGUAGE_STANDARD = gnu11;
				GCC_DYNAMIC_NO_PIC = NO;
				GCC_NO_COMMON_BLOCKS = YES;
				GCC_OPTIMIZATION_LEVEL = 0;
				GCC_PREPROCESSOR_DEFINITIONS = (
					"DEBUG=1",
					"$(inherited)",
				);
				GCC_WARN_64_TO_32_BIT_CONVERSION = YES;
				GCC_WARN_ABOUT_RETURN_TYPE = YES_ERROR;
				GCC_WARN_UNDECLARED_SELECTOR = YES;
				GCC_WARN_UNINITIALIZED_AUTOS = YES_AGGRESSIVE;
				GCC_WARN_UNUSED_FUNCTION = YES;
				GCC_WARN_UNUSED_VARIABLE = YES;
				IPHONEOS_DEPLOYMENT_TARGET = 11.0;
				MTL_ENABLE_DEBUG_INFO = YES;
				ONLY_ACTIVE_ARCH = YES;
				SDKROOT = iphoneos;
				SWIFT_ACTIVE_COMPILATION_CONDITIONS = DEBUG;
				SWIFT_OPTIMIZATION_LEVEL = "-Onone";
			};
			name = Debug;
		};
		C860854A1F8284E400A2460C /* Release */ = {
			isa = XCBuildConfiguration;
			buildSettings = {
				ALWAYS_SEARCH_USER_PATHS = NO;
				CLANG_ANALYZER_NONNULL = YES;
				CLANG_ANALYZER_NUMBER_OBJECT_CONVERSION = YES_AGGRESSIVE;
				CLANG_CXX_LANGUAGE_STANDARD = "gnu++14";
				CLANG_CXX_LIBRARY = "libc++";
				CLANG_ENABLE_MODULES = YES;
				CLANG_ENABLE_OBJC_ARC = YES;
				CLANG_WARN_BLOCK_CAPTURE_AUTORELEASING = YES;
				CLANG_WARN_BOOL_CONVERSION = YES;
				CLANG_WARN_COMMA = YES;
				CLANG_WARN_CONSTANT_CONVERSION = YES;
				CLANG_WARN_DIRECT_OBJC_ISA_USAGE = YES_ERROR;
				CLANG_WARN_DOCUMENTATION_COMMENTS = YES;
				CLANG_WARN_EMPTY_BODY = YES;
				CLANG_WARN_ENUM_CONVERSION = YES;
				CLANG_WARN_INFINITE_RECURSION = YES;
				CLANG_WARN_INT_CONVERSION = YES;
				CLANG_WARN_NON_LITERAL_NULL_CONVERSION = YES;
				CLANG_WARN_OBJC_LITERAL_CONVERSION = YES;
				CLANG_WARN_OBJC_ROOT_CLASS = YES_ERROR;
				CLANG_WARN_RANGE_LOOP_ANALYSIS = YES;
				CLANG_WARN_STRICT_PROTOTYPES = YES;
				CLANG_WARN_SUSPICIOUS_MOVE = YES;
				CLANG_WARN_UNGUARDED_AVAILABILITY = YES_AGGRESSIVE;
				CLANG_WARN_UNREACHABLE_CODE = YES;
				CLANG_WARN__DUPLICATE_METHOD_MATCH = YES;
				CODE_SIGN_IDENTITY = "iPhone Developer";
				COPY_PHASE_STRIP = NO;
				DEBUG_INFORMATION_FORMAT = "dwarf-with-dsym";
				ENABLE_NS_ASSERTIONS = NO;
				ENABLE_STRICT_OBJC_MSGSEND = YES;
				GCC_C_LANGUAGE_STANDARD = gnu11;
				GCC_NO_COMMON_BLOCKS = YES;
				GCC_WARN_64_TO_32_BIT_CONVERSION = YES;
				GCC_WARN_ABOUT_RETURN_TYPE = YES_ERROR;
				GCC_WARN_UNDECLARED_SELECTOR = YES;
				GCC_WARN_UNINITIALIZED_AUTOS = YES_AGGRESSIVE;
				GCC_WARN_UNUSED_FUNCTION = YES;
				GCC_WARN_UNUSED_VARIABLE = YES;
				IPHONEOS_DEPLOYMENT_TARGET = 11.0;
				MTL_ENABLE_DEBUG_INFO = NO;
				SDKROOT = iphoneos;
				SWIFT_OPTIMIZATION_LEVEL = "-Owholemodule";
				VALIDATE_PRODUCT = YES;
			};
			name = Release;
		};
		C860854C1F8284E400A2460C /* Debug */ = {
			isa = XCBuildConfiguration;
			baseConfigurationReference = E0EFEB562CD03FD513E8BDCB /* Pods-SecurityAsset.debug.xcconfig */;
			buildSettings = {
				ASSETCATALOG_COMPILER_APPICON_NAME = AppIcon;
				CODE_SIGN_STYLE = Automatic;
				DEVELOPMENT_TEAM = M4MM84N22Q;
				INFOPLIST_FILE = SecurityAsset/Info.plist;
				LD_RUNPATH_SEARCH_PATHS = "$(inherited) @executable_path/Frameworks";
				PRODUCT_BUNDLE_IDENTIFIER = com.bt.SecurityAsset;
				PRODUCT_NAME = "$(TARGET_NAME)";
				SWIFT_VERSION = 3.0;
				TARGETED_DEVICE_FAMILY = "1,2";
			};
			name = Debug;
		};
		C860854D1F8284E400A2460C /* Release */ = {
			isa = XCBuildConfiguration;
			baseConfigurationReference = 33E231E9300909496B472B30 /* Pods-SecurityAsset.release.xcconfig */;
			buildSettings = {
				ASSETCATALOG_COMPILER_APPICON_NAME = AppIcon;
				CODE_SIGN_STYLE = Automatic;
				DEVELOPMENT_TEAM = M4MM84N22Q;
				INFOPLIST_FILE = SecurityAsset/Info.plist;
				LD_RUNPATH_SEARCH_PATHS = "$(inherited) @executable_path/Frameworks";
				PRODUCT_BUNDLE_IDENTIFIER = com.bt.SecurityAsset;
				PRODUCT_NAME = "$(TARGET_NAME)";
				SWIFT_VERSION = 3.0;
				TARGETED_DEVICE_FAMILY = "1,2";
			};
			name = Release;
		};
/* End XCBuildConfiguration section */

/* Begin XCConfigurationList section */
		C86085341F8284E300A2460C /* Build configuration list for PBXProject "SecurityAsset" */ = {
			isa = XCConfigurationList;
			buildConfigurations = (
				C86085491F8284E400A2460C /* Debug */,
				C860854A1F8284E400A2460C /* Release */,
			);
			defaultConfigurationIsVisible = 0;
			defaultConfigurationName = Release;
		};
		C860854B1F8284E400A2460C /* Build configuration list for PBXNativeTarget "SecurityAsset" */ = {
			isa = XCConfigurationList;
			buildConfigurations = (
				C860854C1F8284E400A2460C /* Debug */,
				C860854D1F8284E400A2460C /* Release */,
			);
			defaultConfigurationIsVisible = 0;
			defaultConfigurationName = Release;
		};
/* End XCConfigurationList section */
	};
	rootObject = C86085311F8284E300A2460C /* Project object */;
}
